
Microsoft Visual Studio Solution File, Format Version 11.00
# Visual Studio 2010
Project("{888888A0-9F3D-457C-B088-3A5042F75D52}") = "WpfApplication1", "WpfApplication1\WpfApplication1.pyproj", "{8FF9F7EA-FA8D-4835-AF04-15F82F5C52ED}"
EndProject
Global
	GlobalSection(SolutionConfigurationPlatforms) = preSolution
		Debug|Any CPU = Debug|Any CPU
		Release|Any CPU = Release|Any CPU
	EndGlobalSection
	GlobalSection(ProjectConfigurationPlatforms) = postSolution
		{8FF9F7EA-FA8D-4835-AF04-15F82F5C52ED}.Debug|Any CPU.ActiveCfg = Debug|Any CPU
		{8FF9F7EA-FA8D-4835-AF04-15F82F5C52ED}.Debug|Any CPU.Build.0 = Debug|Any CPU
		{8FF9F7EA-FA8D-4835-AF04-15F82F5C52ED}.Release|Any CPU.ActiveCfg = Release|Any CPU
		{8FF9F7EA-FA8D-4835-AF04-15F82F5C52ED}.Release|Any CPU.Build.0 = Release|Any CPU
	EndGlobalSection
	GlobalSection(SolutionProperties) = preSolution
		HideSolutionNode = FALSE
	EndGlobalSection
EndGlobal
